<?xml version="1.0" encoding="utf-8"?>
<Project ToolsVersion="4.0" xmlns="http://schemas.microsoft.com/developer/msbuild/2003">
  <ItemGroup>
    <ClInclude Include="libusb.h" />
    <ClInclude Include="nexlink_core.h" />
    <ClInclude Include="nexlink_internal.h" />
    <ClInclude Include="nexlink_usb.h" />
  </ItemGroup>
  <ItemGroup>
    <Library Include="libusb-1.0.lib" />
    <Library Include="pthreadVC2.lib" />
  </ItemGroup>
  <ItemGroup>
    <ClCompile Include="nexlink_core.c" />
    <ClCompile Include="nexlink_scan.c" />
    <ClCompile Include="nexlink_usb.c" />
  </ItemGroup>
</Project>